schema: '2.0'
stages:
  preprocess_new_data:
    cmd: python src/preprocess_new_data.py
    deps:
    - path: artifacts/preprocessing/bin_edges.json
      hash: md5
      md5: 85c1d29a5d74a3e5b0ef877a29c91fe4
      size: 158
    - path: artifacts/preprocessing/feature_columns.json
      hash: md5
      md5: 9a8902e0e153a29a55ce75cf3604468e
      size: 426
    - path: artifacts/preprocessing/scaler_gaussian.pkl
      hash: md5
      md5: 2f85abb8382270cac10ba1598388eae9
      size: 935
    - path: artifacts/preprocessing/scaler_outlier.pkl
      hash: md5
      md5: 335c72ea60b84ee4acdc4ab57337245e
      size: 847
    - path: data/new_data.csv
      hash: md5
      md5: 40b7bcba4d660aa4fc8c8a6fa6ab2440
      size: 5025
    - path: src/preprocess_new_data.py
      hash: md5
      md5: df595847b9ccfc226294ba266d6d73f1
      size: 7763
    outs:
    - path: artifacts/data/X_new.npy
      hash: md5
      md5: 8fc037153e32bc8a9be7cea48bf4142f
      size: 1728
  train:
    cmd: python src/model.py
    deps:
    - path: data/new_data.csv
      hash: md5
      md5: 40b7bcba4d660aa4fc8c8a6fa6ab2440
      size: 5025
    - path: src/model.py
      hash: md5
      md5: a3c635c1d9f0e33d472c29c61496109f
      size: 14087
    - path: train/train.csv
      hash: md5
      md5: 6d5ae9e792ec42165c5bb7503ea9b933
      size: 38831
    outs:
    - path: artifacts/data/X_test.npy
      hash: md5
      md5: 2d070bc83123362d484fd601a6131505
      size: 3296
    - path: artifacts/data/X_train.npy
      hash: md5
      md5: 4dfc16899e2b68a4b78396b976c6bb48
      size: 16128
    - path: artifacts/data/y_test.npy
      hash: md5
      md5: dc62e5ec49c00d3b99dc75e85a32e01f
      size: 920
    - path: artifacts/data/y_train.npy
      hash: md5
      md5: ab9bdbf348b826c128672603ceb79588
      size: 4128
    - path: artifacts/metrics/training_history.json
      hash: md5
      md5: a5c8d8c58da768bc642de83adc0fe8bd
      size: 262
    - path: artifacts/models/model.pkl
      hash: md5
      md5: f1e9b815e61e3b221990378c93597d72
      size: 22307
    - path: artifacts/preprocessing/bin_edges.json
      hash: md5
      md5: 85c1d29a5d74a3e5b0ef877a29c91fe4
      size: 158
    - path: artifacts/preprocessing/encoder.pkl
      hash: md5
      md5: f44da3cab9af0a39577befd05e5bced2
      size: 495
    - path: artifacts/preprocessing/feature_columns.json
      hash: md5
      md5: 9a8902e0e153a29a55ce75cf3604468e
      size: 426
    - path: artifacts/preprocessing/scaler_gaussian.pkl
      hash: md5
      md5: 2f85abb8382270cac10ba1598388eae9
      size: 935
    - path: artifacts/preprocessing/scaler_outlier.pkl
      hash: md5
      md5: 335c72ea60b84ee4acdc4ab57337245e
      size: 847
  evaluate:
    cmd: python src/evaluate.py
    deps:
    - path: artifacts/data/X_test.npy
      hash: md5
      md5: 2d070bc83123362d484fd601a6131505
      size: 3296
    - path: artifacts/data/y_test.npy
      hash: md5
      md5: dc62e5ec49c00d3b99dc75e85a32e01f
      size: 920
    - path: artifacts/models/model.pkl
      hash: md5
      md5: f1e9b815e61e3b221990378c93597d72
      size: 22307
    - path: artifacts/preprocessing/encoder.pkl
      hash: md5
      md5: f44da3cab9af0a39577befd05e5bced2
      size: 495
    - path: src/evaluate.py
      hash: md5
      md5: 4c94ece4b972f12f01b62d4e6c8a74a9
      size: 10877
    outs:
    - path: artifacts/metrics/evaluation_metrics.json
      hash: md5
      md5: d89cb618d417197c6bc72e095e52bf14
      size: 1310
    - path: reports/performance_report.html
      hash: md5
      md5: 20a7f7ebd92ace8a87fc335c39a888fc
      size: 3038
  monitor:
    cmd: python src/monitor.py --mode full
    deps:
    - path: artifacts/data/X_new.npy
      hash: md5
      md5: 8fc037153e32bc8a9be7cea48bf4142f
      size: 1728
    - path: artifacts/data/X_train.npy
      hash: md5
      md5: 4dfc16899e2b68a4b78396b976c6bb48
      size: 16128
    - path: artifacts/metrics/evaluation_metrics.json
      hash: md5
      md5: d89cb618d417197c6bc72e095e52bf14
      size: 1310
    - path: artifacts/preprocessing/feature_columns.json
      hash: md5
      md5: 9a8902e0e153a29a55ce75cf3604468e
      size: 426
    - path: src/monitor.py
      hash: md5
      md5: e6ee79bedee2610f98685fdca65f92f6
      size: 19167
    outs:
    - path: artifacts/metrics/monitoring_metrics.json
      hash: md5
      md5: 1f9065724183e5f9a386efcd18acb22c
      size: 267
    - path: reports/drift_report.json
      hash: md5
      md5: 1b058dc2291e8a9e2c270a547d83957e
      size: 2632
    - path: reports/monitoring_dashboard.html
      hash: md5
      md5: 950c0d4ee676f582fd674e6e11a8d2c9
      size: 4748
